
Microsoft Visual Studio Solution File, Format Version 12.00
# Visual Studio Version 17
VisualStudioVersion = 17.4.33110.190
MinimumVisualStudioVersion = 10.0.40219.1
Project("{FAE04EC0-301F-11D3-BF4B-00C04F79EFBC}") = "WPF - Fireabase Anwendung", "WPF - Fireabase Anwendung.csproj", "{BE6617DA-C150-4A1A-AABF-E50619AC021C}"
EndProject
Global
	GlobalSection(SolutionConfigurationPlatforms) = preSolution
		Debug|Any CPU = Debug|Any CPU
		Release|Any CPU = Release|Any CPU
	EndGlobalSection
	GlobalSection(ProjectConfigurationPlatforms) = postSolution
		{BE6617DA-C150-4A1A-AABF-E50619AC021C}.Debug|Any CPU.ActiveCfg = Debug|Any CPU
		{BE6617DA-C150-4A1A-AABF-E50619AC021C}.Debug|Any CPU.Build.0 = Debug|Any CPU
		{BE6617DA-C150-4A1A-AABF-E50619AC021C}.Release|Any CPU.ActiveCfg = Release|Any CPU
		{BE6617DA-C150-4A1A-AABF-E50619AC021C}.Release|Any CPU.Build.0 = Release|Any CPU
	EndGlobalSection
	GlobalSection(SolutionProperties) = preSolution
		HideSolutionNode = FALSE
	EndGlobalSection
	GlobalSection(ExtensibilityGlobals) = postSolution
		SolutionGuid = {C18CA00A-DA20-4E9C-9307-FA3AABE4A85E}
	EndGlobalSection
EndGlobal
