
Microsoft Visual Studio Solution File, Format Version 12.00
# Visual Studio Version 17
VisualStudioVersion = 17.4.33110.190
MinimumVisualStudioVersion = 10.0.40219.1
Project("{FAE04EC0-301F-11D3-BF4B-00C04F79EFBC}") = "EMP_FrontEND", "EMP_FrontEND\EMP_FrontEND.csproj", "{352C219B-1316-4E8B-A5EA-18030D6000FD}"
EndProject
Global
	GlobalSection(SolutionConfigurationPlatforms) = preSolution
		Debug|Any CPU = Debug|Any CPU
		Release|Any CPU = Release|Any CPU
	EndGlobalSection
	GlobalSection(ProjectConfigurationPlatforms) = postSolution
		{352C219B-1316-4E8B-A5EA-18030D6000FD}.Debug|Any CPU.ActiveCfg = Debug|Any CPU
		{352C219B-1316-4E8B-A5EA-18030D6000FD}.Debug|Any CPU.Build.0 = Debug|Any CPU
		{352C219B-1316-4E8B-A5EA-18030D6000FD}.Release|Any CPU.ActiveCfg = Release|Any CPU
		{352C219B-1316-4E8B-A5EA-18030D6000FD}.Release|Any CPU.Build.0 = Release|Any CPU
	EndGlobalSection
	GlobalSection(SolutionProperties) = preSolution
		HideSolutionNode = FALSE
	EndGlobalSection
	GlobalSection(ExtensibilityGlobals) = postSolution
		SolutionGuid = {F700FBB3-D487-4824-AB3E-EE9E273DA7B2}
	EndGlobalSection
EndGlobal
